<Solution>
  <Folder Name="/Solution Items/">
    <File Path="../../README.md" />
  </Folder>
  <Project Path="MiniBankingSystem.Application/MiniBankingSystem.Application.csproj" />
  <Project Path="MiniBankingSystem.ConsoleApp/MiniBankingSystem.ConsoleApp.csproj" />
  <Project Path="MiniBankingSystem.Domain/MiniBankingSystem.Domain.csproj" />
  <Project Path="MiniBankingSystem.Infrastructure/MiniBankingSystem.Infrastructure.csproj" />
</Solution>
